
Microsoft Visual Studio Solution File, Format Version 12.00
# Visual Studio Version 17
VisualStudioVersion = 17.0.31903.59
MinimumVisualStudioVersion = 10.0.40219.1
Project("{2150E333-8FDC-42A3-9474-1A3956D46DE8}") = "src", "src", "{B5AA6232-C0BC-4E83-B096-10ADB1F1B4F0}"
EndProject
Project("{2150E333-8FDC-42A3-9474-1A3956D46DE8}") = "Gateway", "Gateway", "{720B44C0-B2CF-4E20-A77D-7FC514CE1D20}"
	ProjectSection(SolutionItems) = preProject
		src\Gateway\.dockerignore = src\Gateway\.dockerignore
		src\Gateway\Dockerfile = src\Gateway\Dockerfile
	EndProjectSection
EndProject
Project("{2150E333-8FDC-42A3-9474-1A3956D46DE8}") = "Solution Items", "Solution Items", "{7F5EA134-47A6-4AD5-B37F-74FF37E271A2}"
	ProjectSection(SolutionItems) = preProject
		infrastructure.yaml = infrastructure.yaml
		services.yaml = services.yaml
		tye.yml = tye.yml
	EndProjectSection
EndProject
Project("{2150E333-8FDC-42A3-9474-1A3956D46DE8}") = "Shared", "Shared", "{082913E9-962C-45C2-96EF-EEC9F15024EE}"
EndProject
Project("{2150E333-8FDC-42A3-9474-1A3956D46DE8}") = "Notifier", "Notifier", "{F4FC0B8B-2C2A-4113-B7E2-6657750FD3D7}"
	ProjectSection(SolutionItems) = preProject
		src\Notifier\.dockerignore = src\Notifier\.dockerignore
		src\Notifier\Dockerfile = src\Notifier\Dockerfile
	EndProjectSection
EndProject
Project("{2150E333-8FDC-42A3-9474-1A3956D46DE8}") = "Feeds", "Feeds", "{C5959DD0-1B65-406A-848E-B4ABB63FA227}"
EndProject
Project("{2150E333-8FDC-42A3-9474-1A3956D46DE8}") = "News", "News", "{CC043666-14C6-42A1-A8D4-8E6A2FE3954C}"
	ProjectSection(SolutionItems) = preProject
		src\Feeds\News\.dockerignore = src\Feeds\News\.dockerignore
		src\Feeds\News\Dockerfile = src\Feeds\News\Dockerfile
	EndProjectSection
EndProject
Project("{2150E333-8FDC-42A3-9474-1A3956D46DE8}") = "Quotes", "Quotes", "{EF715A5F-9473-4754-94FB-D268FA113E9A}"
	ProjectSection(SolutionItems) = preProject
		src\Feeds\Quotes\.dockerignore = src\Feeds\Quotes\.dockerignore
		src\Feeds\Quotes\Dockerfile = src\Feeds\Quotes\Dockerfile
	EndProjectSection
EndProject
Project("{2150E333-8FDC-42A3-9474-1A3956D46DE8}") = "Aggregator", "Aggregator", "{B4434D34-3CFF-48BF-A471-3778D5472268}"
	ProjectSection(SolutionItems) = preProject
		src\Aggregator\.dockerignore = src\Aggregator\.dockerignore
		src\Aggregator\Dockerfile = src\Aggregator\Dockerfile
	EndProjectSection
EndProject
Project("{9A19103F-16F7-4668-BE54-9A1E7A4F7556}") = "FeedR.Aggregator", "src\Aggregator\FeedR.Aggregator\FeedR.Aggregator.csproj", "{E5CD098F-0AA1-4EDA-9473-053D7664DFA2}"
EndProject
Project("{9A19103F-16F7-4668-BE54-9A1E7A4F7556}") = "FeedR.Feeds.News", "src\Feeds\News\FeedR.Feeds.News\FeedR.Feeds.News.csproj", "{0BF7BE96-DF20-4A9B-B874-835AFFF7126C}"
EndProject
Project("{9A19103F-16F7-4668-BE54-9A1E7A4F7556}") = "FeedR.Gateway", "src\Gateway\FeedR.Gateway\FeedR.Gateway.csproj", "{1BDE6F0C-8A72-4B61-B4B4-5A6DBB4F24A4}"
EndProject
Project("{9A19103F-16F7-4668-BE54-9A1E7A4F7556}") = "FeedR.Notifier", "src\Notifier\FeedR.Notifier\FeedR.Notifier.csproj", "{C55FC939-D310-48C7-93C8-E3A14FF2ED64}"
EndProject
Project("{9A19103F-16F7-4668-BE54-9A1E7A4F7556}") = "FeedR.Shared", "src\Shared\FeedR.Shared\FeedR.Shared.csproj", "{8AD8A587-45F2-4E0C-B7D6-0FD5D7D2C1EC}"
EndProject
Project("{9A19103F-16F7-4668-BE54-9A1E7A4F7556}") = "FeedR.Feeds.Quotes", "src\Feeds\Quotes\FeedR.Feeds.Quotes\FeedR.Feeds.Quotes.csproj", "{261597A0-F391-4152-9B84-6C953013AF9B}"
EndProject
Project("{2150E333-8FDC-42A3-9474-1A3956D46DE8}") = "Clients", "Clients", "{670FA893-305B-433B-8A28-9F307B9F18F4}"
EndProject
Project("{9A19103F-16F7-4668-BE54-9A1E7A4F7556}") = "FeedR.Clients.Console", "src\Clients\FeedR.Clients.Console\FeedR.Clients.Console.csproj", "{6E55F905-B70D-4114-B20E-C3D8AB014091}"
EndProject
Global
	GlobalSection(SolutionConfigurationPlatforms) = preSolution
		Debug|Any CPU = Debug|Any CPU
		Release|Any CPU = Release|Any CPU
	EndGlobalSection
	GlobalSection(ProjectConfigurationPlatforms) = postSolution
		{E5CD098F-0AA1-4EDA-9473-053D7664DFA2}.Debug|Any CPU.ActiveCfg = Debug|Any CPU
		{E5CD098F-0AA1-4EDA-9473-053D7664DFA2}.Debug|Any CPU.Build.0 = Debug|Any CPU
		{E5CD098F-0AA1-4EDA-9473-053D7664DFA2}.Release|Any CPU.ActiveCfg = Release|Any CPU
		{E5CD098F-0AA1-4EDA-9473-053D7664DFA2}.Release|Any CPU.Build.0 = Release|Any CPU
		{0BF7BE96-DF20-4A9B-B874-835AFFF7126C}.Debug|Any CPU.ActiveCfg = Debug|Any CPU
		{0BF7BE96-DF20-4A9B-B874-835AFFF7126C}.Debug|Any CPU.Build.0 = Debug|Any CPU
		{0BF7BE96-DF20-4A9B-B874-835AFFF7126C}.Release|Any CPU.ActiveCfg = Release|Any CPU
		{0BF7BE96-DF20-4A9B-B874-835AFFF7126C}.Release|Any CPU.Build.0 = Release|Any CPU
		{1BDE6F0C-8A72-4B61-B4B4-5A6DBB4F24A4}.Debug|Any CPU.ActiveCfg = Debug|Any CPU
		{1BDE6F0C-8A72-4B61-B4B4-5A6DBB4F24A4}.Debug|Any CPU.Build.0 = Debug|Any CPU
		{1BDE6F0C-8A72-4B61-B4B4-5A6DBB4F24A4}.Release|Any CPU.ActiveCfg = Release|Any CPU
		{1BDE6F0C-8A72-4B61-B4B4-5A6DBB4F24A4}.Release|Any CPU.Build.0 = Release|Any CPU
		{C55FC939-D310-48C7-93C8-E3A14FF2ED64}.Debug|Any CPU.ActiveCfg = Debug|Any CPU
		{C55FC939-D310-48C7-93C8-E3A14FF2ED64}.Debug|Any CPU.Build.0 = Debug|Any CPU
		{C55FC939-D310-48C7-93C8-E3A14FF2ED64}.Release|Any CPU.ActiveCfg = Release|Any CPU
		{C55FC939-D310-48C7-93C8-E3A14FF2ED64}.Release|Any CPU.Build.0 = Release|Any CPU
		{8AD8A587-45F2-4E0C-B7D6-0FD5D7D2C1EC}.Debug|Any CPU.ActiveCfg = Debug|Any CPU
		{8AD8A587-45F2-4E0C-B7D6-0FD5D7D2C1EC}.Debug|Any CPU.Build.0 = Debug|Any CPU
		{8AD8A587-45F2-4E0C-B7D6-0FD5D7D2C1EC}.Release|Any CPU.ActiveCfg = Release|Any CPU
		{8AD8A587-45F2-4E0C-B7D6-0FD5D7D2C1EC}.Release|Any CPU.Build.0 = Release|Any CPU
		{261597A0-F391-4152-9B84-6C953013AF9B}.Debug|Any CPU.ActiveCfg = Debug|Any CPU
		{261597A0-F391-4152-9B84-6C953013AF9B}.Debug|Any CPU.Build.0 = Debug|Any CPU
		{261597A0-F391-4152-9B84-6C953013AF9B}.Release|Any CPU.ActiveCfg = Release|Any CPU
		{261597A0-F391-4152-9B84-6C953013AF9B}.Release|Any CPU.Build.0 = Release|Any CPU
		{6E55F905-B70D-4114-B20E-C3D8AB014091}.Debug|Any CPU.ActiveCfg = Debug|Any CPU
		{6E55F905-B70D-4114-B20E-C3D8AB014091}.Debug|Any CPU.Build.0 = Debug|Any CPU
		{6E55F905-B70D-4114-B20E-C3D8AB014091}.Release|Any CPU.ActiveCfg = Release|Any CPU
		{6E55F905-B70D-4114-B20E-C3D8AB014091}.Release|Any CPU.Build.0 = Release|Any CPU
	EndGlobalSection
	GlobalSection(SolutionProperties) = preSolution
		HideSolutionNode = FALSE
	EndGlobalSection
	GlobalSection(NestedProjects) = preSolution
		{720B44C0-B2CF-4E20-A77D-7FC514CE1D20} = {B5AA6232-C0BC-4E83-B096-10ADB1F1B4F0}
		{082913E9-962C-45C2-96EF-EEC9F15024EE} = {B5AA6232-C0BC-4E83-B096-10ADB1F1B4F0}
		{F4FC0B8B-2C2A-4113-B7E2-6657750FD3D7} = {B5AA6232-C0BC-4E83-B096-10ADB1F1B4F0}
		{C5959DD0-1B65-406A-848E-B4ABB63FA227} = {B5AA6232-C0BC-4E83-B096-10ADB1F1B4F0}
		{CC043666-14C6-42A1-A8D4-8E6A2FE3954C} = {C5959DD0-1B65-406A-848E-B4ABB63FA227}
		{EF715A5F-9473-4754-94FB-D268FA113E9A} = {C5959DD0-1B65-406A-848E-B4ABB63FA227}
		{B4434D34-3CFF-48BF-A471-3778D5472268} = {B5AA6232-C0BC-4E83-B096-10ADB1F1B4F0}
		{E5CD098F-0AA1-4EDA-9473-053D7664DFA2} = {B4434D34-3CFF-48BF-A471-3778D5472268}
		{0BF7BE96-DF20-4A9B-B874-835AFFF7126C} = {CC043666-14C6-42A1-A8D4-8E6A2FE3954C}
		{1BDE6F0C-8A72-4B61-B4B4-5A6DBB4F24A4} = {720B44C0-B2CF-4E20-A77D-7FC514CE1D20}
		{C55FC939-D310-48C7-93C8-E3A14FF2ED64} = {F4FC0B8B-2C2A-4113-B7E2-6657750FD3D7}
		{8AD8A587-45F2-4E0C-B7D6-0FD5D7D2C1EC} = {082913E9-962C-45C2-96EF-EEC9F15024EE}
		{261597A0-F391-4152-9B84-6C953013AF9B} = {EF715A5F-9473-4754-94FB-D268FA113E9A}
		{670FA893-305B-433B-8A28-9F307B9F18F4} = {B5AA6232-C0BC-4E83-B096-10ADB1F1B4F0}
		{6E55F905-B70D-4114-B20E-C3D8AB014091} = {670FA893-305B-433B-8A28-9F307B9F18F4}
	EndGlobalSection
	GlobalSection(ExtensibilityGlobals) = postSolution
		SolutionGuid = {19F063EA-BA05-4F98-AD22-5C6CE46AEAF4}
	EndGlobalSection
EndGlobal
