
Microsoft Visual Studio Solution File, Format Version 12.00
# Visual Studio Version 17
VisualStudioVersion = 17.0.31903.59
MinimumVisualStudioVersion = 10.0.40219.1
Project("{2150E333-8FDC-42A3-9474-1A3956D46DE8}") = "src", "src", "{B5AA6232-C0BC-4E83-B096-10ADB1F1B4F0}"
EndProject
Project("{2150E333-8FDC-42A3-9474-1A3956D46DE8}") = "Gateway", "Gateway", "{720B44C0-B2CF-4E20-A77D-7FC514CE1D20}"
EndProject
Project("{FAE04EC0-301F-11D3-BF4B-00C04F79EFBC}") = "FeedR.Gateway", "FeedR.Gateway\FeedR.Gateway.csproj", "{D0C121AF-9FE2-44B5-8D46-7349EE084396}"
EndProject
Project("{2150E333-8FDC-42A3-9474-1A3956D46DE8}") = "Solution Items", "Solution Items", "{7F5EA134-47A6-4AD5-B37F-74FF37E271A2}"
	ProjectSection(SolutionItems) = preProject
		tye.yml = tye.yml
	EndProjectSection
EndProject
Project("{2150E333-8FDC-42A3-9474-1A3956D46DE8}") = "Shared", "Shared", "{082913E9-962C-45C2-96EF-EEC9F15024EE}"
EndProject
Project("{2150E333-8FDC-42A3-9474-1A3956D46DE8}") = "Notifier", "Notifier", "{F4FC0B8B-2C2A-4113-B7E2-6657750FD3D7}"
EndProject
Project("{FAE04EC0-301F-11D3-BF4B-00C04F79EFBC}") = "FeedR.Notifier", "FeedR.Notifier\FeedR.Notifier.csproj", "{B7FB0357-8FBF-4874-A05D-82B836512CAF}"
EndProject
Project("{FAE04EC0-301F-11D3-BF4B-00C04F79EFBC}") = "FeedR.Shared", "FeedR.Shared\FeedR.Shared.csproj", "{9B8003DC-B22C-4C4B-A6AF-929823C9CD1A}"
EndProject
Project("{2150E333-8FDC-42A3-9474-1A3956D46DE8}") = "Feeds", "Feeds", "{C5959DD0-1B65-406A-848E-B4ABB63FA227}"
EndProject
Project("{2150E333-8FDC-42A3-9474-1A3956D46DE8}") = "News", "News", "{CC043666-14C6-42A1-A8D4-8E6A2FE3954C}"
EndProject
Project("{2150E333-8FDC-42A3-9474-1A3956D46DE8}") = "Quotes", "Quotes", "{EF715A5F-9473-4754-94FB-D268FA113E9A}"
EndProject
Project("{2150E333-8FDC-42A3-9474-1A3956D46DE8}") = "Aggregator", "Aggregator", "{B4434D34-3CFF-48BF-A471-3778D5472268}"
EndProject
Project("{FAE04EC0-301F-11D3-BF4B-00C04F79EFBC}") = "FeedR.Aggregator", "FeedR.Aggregator\FeedR.Aggregator.csproj", "{30664E21-1C91-4198-A307-DF0B4AA4072B}"
EndProject
Project("{FAE04EC0-301F-11D3-BF4B-00C04F79EFBC}") = "FeedR.Feeds.News", "FeedR.Feeds.News\FeedR.Feeds.News.csproj", "{4FB8C315-F707-4BBC-A620-4E18B66BE70F}"
EndProject
Project("{FAE04EC0-301F-11D3-BF4B-00C04F79EFBC}") = "FeedR.Feeds.Quotes", "FeedR.Feeds.Quotes\FeedR.Feeds.Quotes.csproj", "{6505B0EB-6488-4736-AC28-7A9A5CB7858E}"
EndProject
Global
	GlobalSection(SolutionConfigurationPlatforms) = preSolution
		Debug|Any CPU = Debug|Any CPU
		Release|Any CPU = Release|Any CPU
	EndGlobalSection
	GlobalSection(ProjectConfigurationPlatforms) = postSolution
		{D0C121AF-9FE2-44B5-8D46-7349EE084396}.Debug|Any CPU.ActiveCfg = Debug|Any CPU
		{D0C121AF-9FE2-44B5-8D46-7349EE084396}.Debug|Any CPU.Build.0 = Debug|Any CPU
		{D0C121AF-9FE2-44B5-8D46-7349EE084396}.Release|Any CPU.ActiveCfg = Release|Any CPU
		{D0C121AF-9FE2-44B5-8D46-7349EE084396}.Release|Any CPU.Build.0 = Release|Any CPU
		{B7FB0357-8FBF-4874-A05D-82B836512CAF}.Debug|Any CPU.ActiveCfg = Debug|Any CPU
		{B7FB0357-8FBF-4874-A05D-82B836512CAF}.Debug|Any CPU.Build.0 = Debug|Any CPU
		{B7FB0357-8FBF-4874-A05D-82B836512CAF}.Release|Any CPU.ActiveCfg = Release|Any CPU
		{B7FB0357-8FBF-4874-A05D-82B836512CAF}.Release|Any CPU.Build.0 = Release|Any CPU
		{9B8003DC-B22C-4C4B-A6AF-929823C9CD1A}.Debug|Any CPU.ActiveCfg = Debug|Any CPU
		{9B8003DC-B22C-4C4B-A6AF-929823C9CD1A}.Debug|Any CPU.Build.0 = Debug|Any CPU
		{9B8003DC-B22C-4C4B-A6AF-929823C9CD1A}.Release|Any CPU.ActiveCfg = Release|Any CPU
		{9B8003DC-B22C-4C4B-A6AF-929823C9CD1A}.Release|Any CPU.Build.0 = Release|Any CPU
		{30664E21-1C91-4198-A307-DF0B4AA4072B}.Debug|Any CPU.ActiveCfg = Debug|Any CPU
		{30664E21-1C91-4198-A307-DF0B4AA4072B}.Debug|Any CPU.Build.0 = Debug|Any CPU
		{30664E21-1C91-4198-A307-DF0B4AA4072B}.Release|Any CPU.ActiveCfg = Release|Any CPU
		{30664E21-1C91-4198-A307-DF0B4AA4072B}.Release|Any CPU.Build.0 = Release|Any CPU
		{4FB8C315-F707-4BBC-A620-4E18B66BE70F}.Debug|Any CPU.ActiveCfg = Debug|Any CPU
		{4FB8C315-F707-4BBC-A620-4E18B66BE70F}.Debug|Any CPU.Build.0 = Debug|Any CPU
		{4FB8C315-F707-4BBC-A620-4E18B66BE70F}.Release|Any CPU.ActiveCfg = Release|Any CPU
		{4FB8C315-F707-4BBC-A620-4E18B66BE70F}.Release|Any CPU.Build.0 = Release|Any CPU
		{6505B0EB-6488-4736-AC28-7A9A5CB7858E}.Debug|Any CPU.ActiveCfg = Debug|Any CPU
		{6505B0EB-6488-4736-AC28-7A9A5CB7858E}.Debug|Any CPU.Build.0 = Debug|Any CPU
		{6505B0EB-6488-4736-AC28-7A9A5CB7858E}.Release|Any CPU.ActiveCfg = Release|Any CPU
		{6505B0EB-6488-4736-AC28-7A9A5CB7858E}.Release|Any CPU.Build.0 = Release|Any CPU
	EndGlobalSection
	GlobalSection(SolutionProperties) = preSolution
		HideSolutionNode = FALSE
	EndGlobalSection
	GlobalSection(NestedProjects) = preSolution
		{720B44C0-B2CF-4E20-A77D-7FC514CE1D20} = {B5AA6232-C0BC-4E83-B096-10ADB1F1B4F0}
		{D0C121AF-9FE2-44B5-8D46-7349EE084396} = {720B44C0-B2CF-4E20-A77D-7FC514CE1D20}
		{082913E9-962C-45C2-96EF-EEC9F15024EE} = {B5AA6232-C0BC-4E83-B096-10ADB1F1B4F0}
		{F4FC0B8B-2C2A-4113-B7E2-6657750FD3D7} = {B5AA6232-C0BC-4E83-B096-10ADB1F1B4F0}
		{B7FB0357-8FBF-4874-A05D-82B836512CAF} = {F4FC0B8B-2C2A-4113-B7E2-6657750FD3D7}
		{9B8003DC-B22C-4C4B-A6AF-929823C9CD1A} = {082913E9-962C-45C2-96EF-EEC9F15024EE}
		{C5959DD0-1B65-406A-848E-B4ABB63FA227} = {B5AA6232-C0BC-4E83-B096-10ADB1F1B4F0}
		{CC043666-14C6-42A1-A8D4-8E6A2FE3954C} = {C5959DD0-1B65-406A-848E-B4ABB63FA227}
		{EF715A5F-9473-4754-94FB-D268FA113E9A} = {C5959DD0-1B65-406A-848E-B4ABB63FA227}
		{B4434D34-3CFF-48BF-A471-3778D5472268} = {B5AA6232-C0BC-4E83-B096-10ADB1F1B4F0}
		{30664E21-1C91-4198-A307-DF0B4AA4072B} = {B4434D34-3CFF-48BF-A471-3778D5472268}
		{4FB8C315-F707-4BBC-A620-4E18B66BE70F} = {CC043666-14C6-42A1-A8D4-8E6A2FE3954C}
		{6505B0EB-6488-4736-AC28-7A9A5CB7858E} = {EF715A5F-9473-4754-94FB-D268FA113E9A}
	EndGlobalSection
	GlobalSection(ExtensibilityGlobals) = postSolution
		SolutionGuid = {19F063EA-BA05-4F98-AD22-5C6CE46AEAF4}
	EndGlobalSection
EndGlobal
