
Microsoft Visual Studio Solution File, Format Version 12.00
# Visual Studio Version 17
VisualStudioVersion = 17.0.31903.59
MinimumVisualStudioVersion = 10.0.40219.1
Project("{2150E333-8FDC-42A3-9474-1A3956D46DE8}") = "src", "src", "{B5AA6232-C0BC-4E83-B096-10ADB1F1B4F0}"
EndProject
Project("{2150E333-8FDC-42A3-9474-1A3956D46DE8}") = "Gateway", "Gateway", "{720B44C0-B2CF-4E20-A77D-7FC514CE1D20}"
EndProject
Project("{2150E333-8FDC-42A3-9474-1A3956D46DE8}") = "Solution Items", "Solution Items", "{7F5EA134-47A6-4AD5-B37F-74FF37E271A2}"
	ProjectSection(SolutionItems) = preProject
		tye.yml = tye.yml
	EndProjectSection
EndProject
Project("{2150E333-8FDC-42A3-9474-1A3956D46DE8}") = "Shared", "Shared", "{082913E9-962C-45C2-96EF-EEC9F15024EE}"
EndProject
Project("{2150E333-8FDC-42A3-9474-1A3956D46DE8}") = "Notifier", "Notifier", "{F4FC0B8B-2C2A-4113-B7E2-6657750FD3D7}"
EndProject
Project("{2150E333-8FDC-42A3-9474-1A3956D46DE8}") = "Feeds", "Feeds", "{C5959DD0-1B65-406A-848E-B4ABB63FA227}"
EndProject
Project("{2150E333-8FDC-42A3-9474-1A3956D46DE8}") = "News", "News", "{CC043666-14C6-42A1-A8D4-8E6A2FE3954C}"
EndProject
Project("{2150E333-8FDC-42A3-9474-1A3956D46DE8}") = "Quotes", "Quotes", "{EF715A5F-9473-4754-94FB-D268FA113E9A}"
EndProject
Project("{2150E333-8FDC-42A3-9474-1A3956D46DE8}") = "Aggregator", "Aggregator", "{B4434D34-3CFF-48BF-A471-3778D5472268}"
EndProject
Project("{9A19103F-16F7-4668-BE54-9A1E7A4F7556}") = "FeedR.Aggregator", "src\FeedR.Aggregator\FeedR.Aggregator.csproj", "{5E53CD19-425E-4549-8A52-6824E6AF5B1F}"
EndProject
Project("{9A19103F-16F7-4668-BE54-9A1E7A4F7556}") = "FeedR.Feeds.News", "src\FeedR.Feeds.News\FeedR.Feeds.News.csproj", "{D735426F-E1D9-4F1C-804E-D8771D50F4F5}"
EndProject
Project("{9A19103F-16F7-4668-BE54-9A1E7A4F7556}") = "FeedR.Feeds.Quotes", "src\FeedR.Feeds.Quotes\FeedR.Feeds.Quotes.csproj", "{3466D8E9-CC99-4F72-9302-F24C3D0C380F}"
EndProject
Project("{9A19103F-16F7-4668-BE54-9A1E7A4F7556}") = "FeedR.Gateway", "src\FeedR.Gateway\FeedR.Gateway.csproj", "{7081354B-7F45-4A03-9FAC-97C8754FA58B}"
EndProject
Project("{9A19103F-16F7-4668-BE54-9A1E7A4F7556}") = "FeedR.Notifier", "src\FeedR.Notifier\FeedR.Notifier.csproj", "{5FECB326-4ECC-4C36-B470-4D8D51C2B87E}"
EndProject
Project("{9A19103F-16F7-4668-BE54-9A1E7A4F7556}") = "FeedR.Shared", "src\FeedR.Shared\FeedR.Shared.csproj", "{595FB10C-4F3E-408D-9CE0-2F1054FD1DFC}"
EndProject
Global
	GlobalSection(SolutionConfigurationPlatforms) = preSolution
		Debug|Any CPU = Debug|Any CPU
		Release|Any CPU = Release|Any CPU
	EndGlobalSection
	GlobalSection(ProjectConfigurationPlatforms) = postSolution
		{5E53CD19-425E-4549-8A52-6824E6AF5B1F}.Debug|Any CPU.ActiveCfg = Debug|Any CPU
		{5E53CD19-425E-4549-8A52-6824E6AF5B1F}.Debug|Any CPU.Build.0 = Debug|Any CPU
		{5E53CD19-425E-4549-8A52-6824E6AF5B1F}.Release|Any CPU.ActiveCfg = Release|Any CPU
		{5E53CD19-425E-4549-8A52-6824E6AF5B1F}.Release|Any CPU.Build.0 = Release|Any CPU
		{D735426F-E1D9-4F1C-804E-D8771D50F4F5}.Debug|Any CPU.ActiveCfg = Debug|Any CPU
		{D735426F-E1D9-4F1C-804E-D8771D50F4F5}.Debug|Any CPU.Build.0 = Debug|Any CPU
		{D735426F-E1D9-4F1C-804E-D8771D50F4F5}.Release|Any CPU.ActiveCfg = Release|Any CPU
		{D735426F-E1D9-4F1C-804E-D8771D50F4F5}.Release|Any CPU.Build.0 = Release|Any CPU
		{3466D8E9-CC99-4F72-9302-F24C3D0C380F}.Debug|Any CPU.ActiveCfg = Debug|Any CPU
		{3466D8E9-CC99-4F72-9302-F24C3D0C380F}.Debug|Any CPU.Build.0 = Debug|Any CPU
		{3466D8E9-CC99-4F72-9302-F24C3D0C380F}.Release|Any CPU.ActiveCfg = Release|Any CPU
		{3466D8E9-CC99-4F72-9302-F24C3D0C380F}.Release|Any CPU.Build.0 = Release|Any CPU
		{7081354B-7F45-4A03-9FAC-97C8754FA58B}.Debug|Any CPU.ActiveCfg = Debug|Any CPU
		{7081354B-7F45-4A03-9FAC-97C8754FA58B}.Debug|Any CPU.Build.0 = Debug|Any CPU
		{7081354B-7F45-4A03-9FAC-97C8754FA58B}.Release|Any CPU.ActiveCfg = Release|Any CPU
		{7081354B-7F45-4A03-9FAC-97C8754FA58B}.Release|Any CPU.Build.0 = Release|Any CPU
		{5FECB326-4ECC-4C36-B470-4D8D51C2B87E}.Debug|Any CPU.ActiveCfg = Debug|Any CPU
		{5FECB326-4ECC-4C36-B470-4D8D51C2B87E}.Debug|Any CPU.Build.0 = Debug|Any CPU
		{5FECB326-4ECC-4C36-B470-4D8D51C2B87E}.Release|Any CPU.ActiveCfg = Release|Any CPU
		{5FECB326-4ECC-4C36-B470-4D8D51C2B87E}.Release|Any CPU.Build.0 = Release|Any CPU
		{595FB10C-4F3E-408D-9CE0-2F1054FD1DFC}.Debug|Any CPU.ActiveCfg = Debug|Any CPU
		{595FB10C-4F3E-408D-9CE0-2F1054FD1DFC}.Debug|Any CPU.Build.0 = Debug|Any CPU
		{595FB10C-4F3E-408D-9CE0-2F1054FD1DFC}.Release|Any CPU.ActiveCfg = Release|Any CPU
		{595FB10C-4F3E-408D-9CE0-2F1054FD1DFC}.Release|Any CPU.Build.0 = Release|Any CPU
	EndGlobalSection
	GlobalSection(SolutionProperties) = preSolution
		HideSolutionNode = FALSE
	EndGlobalSection
	GlobalSection(NestedProjects) = preSolution
		{720B44C0-B2CF-4E20-A77D-7FC514CE1D20} = {B5AA6232-C0BC-4E83-B096-10ADB1F1B4F0}
		{082913E9-962C-45C2-96EF-EEC9F15024EE} = {B5AA6232-C0BC-4E83-B096-10ADB1F1B4F0}
		{F4FC0B8B-2C2A-4113-B7E2-6657750FD3D7} = {B5AA6232-C0BC-4E83-B096-10ADB1F1B4F0}
		{C5959DD0-1B65-406A-848E-B4ABB63FA227} = {B5AA6232-C0BC-4E83-B096-10ADB1F1B4F0}
		{CC043666-14C6-42A1-A8D4-8E6A2FE3954C} = {C5959DD0-1B65-406A-848E-B4ABB63FA227}
		{EF715A5F-9473-4754-94FB-D268FA113E9A} = {C5959DD0-1B65-406A-848E-B4ABB63FA227}
		{B4434D34-3CFF-48BF-A471-3778D5472268} = {B5AA6232-C0BC-4E83-B096-10ADB1F1B4F0}
		{5E53CD19-425E-4549-8A52-6824E6AF5B1F} = {B4434D34-3CFF-48BF-A471-3778D5472268}
		{D735426F-E1D9-4F1C-804E-D8771D50F4F5} = {CC043666-14C6-42A1-A8D4-8E6A2FE3954C}
		{3466D8E9-CC99-4F72-9302-F24C3D0C380F} = {EF715A5F-9473-4754-94FB-D268FA113E9A}
		{7081354B-7F45-4A03-9FAC-97C8754FA58B} = {720B44C0-B2CF-4E20-A77D-7FC514CE1D20}
		{5FECB326-4ECC-4C36-B470-4D8D51C2B87E} = {F4FC0B8B-2C2A-4113-B7E2-6657750FD3D7}
		{595FB10C-4F3E-408D-9CE0-2F1054FD1DFC} = {082913E9-962C-45C2-96EF-EEC9F15024EE}
	EndGlobalSection
	GlobalSection(ExtensibilityGlobals) = postSolution
		SolutionGuid = {19F063EA-BA05-4F98-AD22-5C6CE46AEAF4}
	EndGlobalSection
EndGlobal
